<?xml version="1.0" encoding="utf-8"?>
<Project ToolsVersion="4.0" xmlns="http://schemas.microsoft.com/developer/msbuild/2003">
  <ItemGroup>
    <ClCompile Include="..\..\src\Main.cpp">
      <Filter>Source</Filter>
    </ClCompile>
    <ClCompile Include="..\..\src\TestAppDelegate.cpp">
      <Filter>Source</Filter>
    </ClCompile>
    <ClCompile Include="..\..\src\stdafx.cpp">
      <Filter>Heder Files</Filter>
    </ClCompile>
    <ClCompile Include="..\..\src\GameWidget.cpp">
      <Filter>Source\Widgets</Filter>
    </ClCompile>
    <ClCompile Include="..\..\src\TestWidget.cpp">
      <Filter>Source\Widgets</Filter>
    </ClCompile>
    <ClCompile Include="..\..\src\Scene.cpp">
      <Filter>Source\Scene</Filter>
    </ClCompile>
    <ClCompile Include="..\..\src\Sprite.cpp">
      <Filter>Source\Scene</Filter>
    </ClCompile>
    <ClCompile Include="..\..\src\Node.cpp">
      <Filter>Source\Scene</Filter>
    </ClCompile>
    <ClCompile Include="..\..\src\Tile.cpp">
      <Filter>Source\Scene</Filter>
    </ClCompile>
    <ClCompile Include="..\..\src\Unit.cpp">
      <Filter>Source</Filter>
    </ClCompile>
    <ClCompile Include="..\..\src\TMXTiledMap.cpp">
      <Filter>Source</Filter>
    </ClCompile>
    <ClCompile Include="..\..\src\AnimateSprite.cpp">
      <Filter>Source\Scene</Filter>
    </ClCompile>
    <ClCompile Include="..\..\src\GameObject.cpp">
      <Filter>Source</Filter>
    </ClCompile>
    <ClCompile Include="..\..\src\InteractiveObject.cpp">
      <Filter>Source</Filter>
    </ClCompile>
    <ClCompile Include="..\..\src\StaticObject.cpp">
      <Filter>Source</Filter>
    </ClCompile>
    <ClCompile Include="..\..\src\ParticleEffectNode.cpp">
      <Filter>Source\Scene</Filter>
    </ClCompile>
  </ItemGroup>
  <ItemGroup>
    <ClInclude Include="..\..\src\TestAppDelegate.h">
      <Filter>Source</Filter>
    </ClInclude>
    <ClInclude Include="..\..\src\TMXTiledMap.h">
      <Filter>Source</Filter>
    </ClInclude>
    <ClInclude Include="..\..\src\stdafx.h">
      <Filter>Heder Files</Filter>
    </ClInclude>
    <ClInclude Include="..\..\src\GameWidget.h">
      <Filter>Source\Widgets</Filter>
    </ClInclude>
    <ClInclude Include="..\..\src\TestWidget.h">
      <Filter>Source\Widgets</Filter>
    </ClInclude>
    <ClInclude Include="..\..\src\Scene.h">
      <Filter>Source\Scene</Filter>
    </ClInclude>
    <ClInclude Include="..\..\src\Sprite.h">
      <Filter>Source\Scene</Filter>
    </ClInclude>
    <ClInclude Include="..\..\src\Node.h">
      <Filter>Source\Scene</Filter>
    </ClInclude>
    <ClInclude Include="..\..\src\Tile.h">
      <Filter>Source\Scene</Filter>
    </ClInclude>
    <ClInclude Include="..\..\src\Unit.h">
      <Filter>Source</Filter>
    </ClInclude>
    <ClInclude Include="..\..\src\AnimateSprite.h">
      <Filter>Source\Scene</Filter>
    </ClInclude>
    <ClInclude Include="..\..\src\GameObject.h">
      <Filter>Source</Filter>
    </ClInclude>
    <ClInclude Include="..\..\src\InteractiveObject.h">
      <Filter>Source</Filter>
    </ClInclude>
    <ClInclude Include="..\..\src\StaticObject.h">
      <Filter>Source</Filter>
    </ClInclude>
    <ClInclude Include="..\..\src\ParticleEffectNode.h">
      <Filter>Source\Scene</Filter>
    </ClInclude>
  </ItemGroup>
  <ItemGroup>
    <Xml Include="..\..\bin\base_p\Layers.xml">
      <Filter>Xml</Filter>
    </Xml>
    <Xml Include="..\..\bin\base_p\Resources.xml">
      <Filter>Xml</Filter>
    </Xml>
    <Xml Include="..\..\bin\base_p\RulesOfElementsInterctions.xml">
      <Filter>Xml</Filter>
    </Xml>
    <Xml Include="..\..\bin\base_p\animations\unit.xml">
      <Filter>Xml</Filter>
    </Xml>
  </ItemGroup>
  <ItemGroup>
    <Filter Include="Source">
      <UniqueIdentifier>{a29fd960-1839-401a-b678-aa6b3adcb17e}</UniqueIdentifier>
    </Filter>
    <Filter Include="Heder Files">
      <UniqueIdentifier>{87c02c34-b082-48e8-9c71-36a618e1296c}</UniqueIdentifier>
    </Filter>
    <Filter Include="Scripts">
      <UniqueIdentifier>{bf51f70e-7020-4982-818f-89b6d8c14dfc}</UniqueIdentifier>
    </Filter>
    <Filter Include="Resource Files">
      <UniqueIdentifier>{e3990e2c-f0fe-49c7-a3cd-70f20adbe425}</UniqueIdentifier>
    </Filter>
    <Filter Include="Xml">
      <UniqueIdentifier>{d2ac310e-bb05-4ed5-b1af-cc0bf9bdd242}</UniqueIdentifier>
    </Filter>
    <Filter Include="Source\Scene">
      <UniqueIdentifier>{1c4f5ecf-c4bb-4069-af4a-b979e4653b83}</UniqueIdentifier>
    </Filter>
    <Filter Include="Source\Widgets">
      <UniqueIdentifier>{fa1ac3a4-6759-4a4a-96a1-406b6e6e73ce}</UniqueIdentifier>
    </Filter>
  </ItemGroup>
  <ItemGroup>
    <None Include="..\..\bin\base_p\start.lua">
      <Filter>Scripts</Filter>
    </None>
  </ItemGroup>
  <ItemGroup>
    <ResourceCompile Include="resource.rc">
      <Filter>Resource Files</Filter>
    </ResourceCompile>
  </ItemGroup>
</Project>